lockfileVersion: '6.0'

settings:
  autoInstallPeers: true
  excludeLinksFromLockfile: false

dependencies:
  centra:
    specifier: ^2.7.0
    version: 2.7.0

devDependencies:
  '@types/centra':
    specifier: ^2.2.3
    version: 2.2.3
  '@types/node':
    specifier: ^22.10.7
    version: 22.10.7

packages:

  /@types/centra@2.2.3:
    resolution: {integrity: sha512-7ylrBi66/xZuQ4nuNuXnk5RUBQcLUgMdAqls44buCssA2goua9YuqbY8cCpMTWX+U+Y5e9JDwWAaiBEN4ehMOw==}
    dependencies:
      '@types/node': 22.10.7
    dev: true

  /@types/node@22.10.7:
    resolution: {integrity: sha512-V09KvXxFiutGp6B7XkpaDXlNadZxrzajcY50EuoLIpQ6WWYCSvf19lVIazzfIzQvhUN2HjX12spLojTnhuKlGg==}
    dependencies:
      undici-types: 6.20.0
    dev: true

  /centra@2.7.0:
    resolution: {integrity: sha512-PbFMgMSrmgx6uxCdm57RUos9Tc3fclMvhLSATYN39XsDV29B89zZ3KA89jmY0vwSGazyU+uerqwa6t+KaodPcg==}
    dependencies:
      follow-redirects: 1.15.9
    transitivePeerDependencies:
      - debug
    dev: false

  /follow-redirects@1.15.9:
    resolution: {integrity: sha512-gew4GsXizNgdoRyqmyfMHyAmXsZDk6mHkSxZFCzW9gwlbtOW44CDtYavM+y+72qD/Vq2l550kMF52DT8fOLJqQ==}
    engines: {node: '>=4.0'}
    peerDependencies:
      debug: '*'
    peerDependenciesMeta:
      debug:
        optional: true
    dev: false

  /undici-types@6.20.0:
    resolution: {integrity: sha512-Ny6QZ2Nju20vw1SRHe3d9jVu6gJ+4e3+MMpqu7pqE5HT6WsTSlce++GQmK5UXS8mzV8DSYHrQH+Xrf2jVcuKNg==}
    dev: true
